# This file was autogenerated by Stack.
# You should not edit this file by hand.
# For more information, please see the documentation at:
#   https://docs.haskellstack.org/en/stable/lock_files

packages:
- completed:
    hackage: elliptic-curve-0.3.0@sha256:7d314ff56011de62370bdd1b840866d1e5ce061972e54be673f5768cbf8d3d42,7072
    pantry-tree:
      size: 9500
      sha256: 650191792bfc8b119e8a0ab1103383ddfa395ed692573519c27cc3d198089cb5
  original:
    hackage: elliptic-curve-0.3.0
- completed:
    hackage: galois-field-1.0.0@sha256:d44007898c07a6c913a38f78e7246c7785ae3052ca55ad713783345d06a28419,3470
    pantry-tree:
      size: 1444
      sha256: 1b265e1c3062a06a48a535c1681a954c26bee5959a42e97fc0e4fd8b5a90849f
  original:
    hackage: galois-field-1.0.0
- completed:
    hackage: poly-0.3.2.0@sha256:58492507d2bfb74c2d45c34a61438153f3a5cfb658154a7a504cf4397eb39d6d,2028
    pantry-tree:
      size: 1451
      sha256: fbd14e37c925471ae2eebf81b44f007a629f092e2754c2b3fe1045df6d4c4844
  original:
    hackage: poly-0.3.2.0
- completed:
    hackage: semirings-0.5.1@sha256:597e4070dcb75c3e347566114e140ba343843f80f3e16a456bb2e9e9d1d09430,3743
    pantry-tree:
      size: 610
      sha256: cc4e01176f1a56c97dc923416a6939dcdc004584cccf8a2b1c67bd156b31179a
  original:
    hackage: semirings-0.5.1
- completed:
    hackage: pairing-1.0.0@sha256:709d2e1a98b18327d2fba4efaa6069ef783333c95055ad73416e9401d02000ac,3507
    pantry-tree:
      size: 1693
      sha256: 25c968cec9049b268af6445dd42465fa49b4c294dbe10207b72d9f301c76ea5e
  original:
    hackage: pairing-1.0.0
- completed:
    hackage: arithmoi-0.8.0.0@sha256:31c4bc158d3ce73d78f7037666bcba3e5374b2d5a0ea1cb0c50aaad85857c6b2,7627
    pantry-tree:
      size: 10170
      sha256: 960e3112065772be46a63c6f16799df7e992002bff800d44d683d2969ffa71b9
  original:
    hackage: arithmoi-0.8.0.0
- completed:
    hackage: bulletproofs-1.1.0@sha256:eebdf3963372e40675fd501f3f3cc6f553d3925965ce38a112998a321cc7f6f2,5395
    pantry-tree:
      size: 2191
      sha256: 4337652dac76bfaea64e7d5498293df616055c89f67c18cdd0f182be98c9a355
  original:
    hackage: bulletproofs-1.1.0
- completed:
    hackage: galois-fft-0.1.0@sha256:6a1e1e255c236b521379435ba528bbb5bc2a159c3ebb7fb960090cd5cf950b20,2409
    pantry-tree:
      size: 472
      sha256: 8bc255dfd2276220edb94f6c3139b204e66fe85d612e24f80ff63a757da64cc4
  original:
    hackage: galois-fft-0.1.0
snapshots:
- completed:
    size: 523700
    url: https://raw.githubusercontent.com/commercialhaskell/stackage-snapshots/master/lts/14/7.yaml
    sha256: 8e3f3c894be74d71fa4bf085e0a8baae7e4d7622d07ea31a52736b80f8b9bb1a
  original: lts-14.7
